// !$*UTF8*$!
{
	archiveVersion = 1;
	classes = {
	};
	objectVersion = 50;
	objects = {

/* Begin PBXBuildFile section */
		28596AA9B47789143167BEDE /* Pods_LucidYouTubePlayer.framework in Frameworks */ = {isa = PBXBuildFile; fileRef = 338F7B35B76C22A9B512CDC7 /* Pods_LucidYouTubePlayer.framework */; };
		AAD9FF791A72AA2E7E1F14D1 /* Pods_LucidYouTubePlayerTests.framework in Frameworks */ = {isa = PBXBuildFile; fileRef = 1580D83EDAFB44A7778983A2 /* Pods_LucidYouTubePlayerTests.framework */; };
		E0128C3420A75BB9004E3871 /* PlaylistRepository.swift in Sources */ = {isa = PBXBuildFile; fileRef = E0128C3320A75BB9004E3871 /* PlaylistRepository.swift */; };
		E0128C4320A75F21004E3871 /* ContentDetails.swift in Sources */ = {isa = PBXBuildFile; fileRef = E0128C3820A75F21004E3871 /* ContentDetails.swift */; };
		E0128C4420A75F21004E3871 /* ResourceId.swift in Sources */ = {isa = PBXBuildFile; fileRef = E0128C3920A75F21004E3871 /* ResourceId.swift */; };
		E0128C4520A75F21004E3871 /* Item.swift in Sources */ = {isa = PBXBuildFile; fileRef = E0128C3A20A75F21004E3871 /* Item.swift */; };
		E0128C4620A75F21004E3871 /* Snippet.swift in Sources */ = {isa = PBXBuildFile; fileRef = E0128C3B20A75F21004E3871 /* Snippet.swift */; };
		E0128C4720A75F21004E3871 /* Default.swift in Sources */ = {isa = PBXBuildFile; fileRef = E0128C3C20A75F21004E3871 /* Default.swift */; };
		E0128C4820A75F21004E3871 /* High.swift in Sources */ = {isa = PBXBuildFile; fileRef = E0128C3D20A75F21004E3871 /* High.swift */; };
		E0128C4920A75F21004E3871 /* PlaylistResponse.swift in Sources */ = {isa = PBXBuildFile; fileRef = E0128C3E20A75F21004E3871 /* PlaylistResponse.swift */; };
		E0128C4A20A75F21004E3871 /* Standard.swift in Sources */ = {isa = PBXBuildFile; fileRef = E0128C3F20A75F21004E3871 /* Standard.swift */; };
		E0128C4B20A75F21004E3871 /* PageInfo.swift in Sources */ = {isa = PBXBuildFile; fileRef = E0128C4020A75F21004E3871 /* PageInfo.swift */; };
		E0128C4C20A75F21004E3871 /* Thumbnails.swift in Sources */ = {isa = PBXBuildFile; fileRef = E0128C4120A75F21004E3871 /* Thumbnails.swift */; };
		E0128C4D20A75F21004E3871 /* Medium.swift in Sources */ = {isa = PBXBuildFile; fileRef = E0128C4220A75F21004E3871 /* Medium.swift */; };
		E0243B5D2085810C0020AC6F /* AppDelegate.swift in Sources */ = {isa = PBXBuildFile; fileRef = E0243B5C2085810C0020AC6F /* AppDelegate.swift */; };
		E0243B5F2085810C0020AC6F /* ViewController.swift in Sources */ = {isa = PBXBuildFile; fileRef = E0243B5E2085810C0020AC6F /* ViewController.swift */; };
		E0243B622085810C0020AC6F /* Main.storyboard in Resources */ = {isa = PBXBuildFile; fileRef = E0243B602085810C0020AC6F /* Main.storyboard */; };
		E0243B642085810E0020AC6F /* Assets.xcassets in Resources */ = {isa = PBXBuildFile; fileRef = E0243B632085810E0020AC6F /* Assets.xcassets */; };
		E0243B672085810E0020AC6F /* LaunchScreen.storyboard in Resources */ = {isa = PBXBuildFile; fileRef = E0243B652085810E0020AC6F /* LaunchScreen.storyboard */; };
		E0243B722085810E0020AC6F /* LucidPlaylistPlayerTests.swift in Sources */ = {isa = PBXBuildFile; fileRef = E0243B712085810E0020AC6F /* LucidPlaylistPlayerTests.swift */; };
		E04F7970208584F100E31C0C /* GoogleService-Info.plist in Resources */ = {isa = PBXBuildFile; fileRef = E04F796F208584F100E31C0C /* GoogleService-Info.plist */; };
		E04F7971208584F100E31C0C /* GoogleService-Info.plist in Resources */ = {isa = PBXBuildFile; fileRef = E04F796F208584F100E31C0C /* GoogleService-Info.plist */; };
/* End PBXBuildFile section */

/* Begin PBXContainerItemProxy section */
		E0243B6E2085810E0020AC6F /* PBXContainerItemProxy */ = {
			isa = PBXContainerItemProxy;
			containerPortal = E0243B512085810C0020AC6F /* Project object */;
			proxyType = 1;
			remoteGlobalIDString = E0243B582085810C0020AC6F;
			remoteInfo = LucidPlaylistPlayer;
		};
/* End PBXContainerItemProxy section */

/* Begin PBXFileReference section */
		1580D83EDAFB44A7778983A2 /* Pods_LucidYouTubePlayerTests.framework */ = {isa = PBXFileReference; explicitFileType = wrapper.framework; includeInIndex = 0; path = Pods_LucidYouTubePlayerTests.framework; sourceTree = BUILT_PRODUCTS_DIR; };
		338F7B35B76C22A9B512CDC7 /* Pods_LucidYouTubePlayer.framework */ = {isa = PBXFileReference; explicitFileType = wrapper.framework; includeInIndex = 0; path = Pods_LucidYouTubePlayer.framework; sourceTree = BUILT_PRODUCTS_DIR; };
		4AEA2B6E54B767F7E672A45B /* Pods-LucidYouTubePlayerTests.debug.xcconfig */ = {isa = PBXFileReference; includeInIndex = 1; lastKnownFileType = text.xcconfig; name = "Pods-LucidYouTubePlayerTests.debug.xcconfig"; path = "Pods/Target Support Files/Pods-LucidYouTubePlayerTests/Pods-LucidYouTubePlayerTests.debug.xcconfig"; sourceTree = "<group>"; };
		5893FC3134AA9B6489D1C2AE /* Pods-LucidYouTubePlayer.release.xcconfig */ = {isa = PBXFileReference; includeInIndex = 1; lastKnownFileType = text.xcconfig; name = "Pods-LucidYouTubePlayer.release.xcconfig"; path = "Pods/Target Support Files/Pods-LucidYouTubePlayer/Pods-LucidYouTubePlayer.release.xcconfig"; sourceTree = "<group>"; };
		B9DD243524F515E172AC570E /* Pods-LucidYouTubePlayerTests.release.xcconfig */ = {isa = PBXFileReference; includeInIndex = 1; lastKnownFileType = text.xcconfig; name = "Pods-LucidYouTubePlayerTests.release.xcconfig"; path = "Pods/Target Support Files/Pods-LucidYouTubePlayerTests/Pods-LucidYouTubePlayerTests.release.xcconfig"; sourceTree = "<group>"; };
		E0128C3320A75BB9004E3871 /* PlaylistRepository.swift */ = {isa = PBXFileReference; lastKnownFileType = sourcecode.swift; path = PlaylistRepository.swift; sourceTree = "<group>"; };
		E0128C3820A75F21004E3871 /* ContentDetails.swift */ = {isa = PBXFileReference; fileEncoding = 4; lastKnownFileType = sourcecode.swift; path = ContentDetails.swift; sourceTree = "<group>"; };
		E0128C3920A75F21004E3871 /* ResourceId.swift */ = {isa = PBXFileReference; fileEncoding = 4; lastKnownFileType = sourcecode.swift; path = ResourceId.swift; sourceTree = "<group>"; };
		E0128C3A20A75F21004E3871 /* Item.swift */ = {isa = PBXFileReference; fileEncoding = 4; lastKnownFileType = sourcecode.swift; path = Item.swift; sourceTree = "<group>"; };
		E0128C3B20A75F21004E3871 /* Snippet.swift */ = {isa = PBXFileReference; fileEncoding = 4; lastKnownFileType = sourcecode.swift; path = Snippet.swift; sourceTree = "<group>"; };
		E0128C3C20A75F21004E3871 /* Default.swift */ = {isa = PBXFileReference; fileEncoding = 4; lastKnownFileType = sourcecode.swift; path = Default.swift; sourceTree = "<group>"; };
		E0128C3D20A75F21004E3871 /* High.swift */ = {isa = PBXFileReference; fileEncoding = 4; lastKnownFileType = sourcecode.swift; path = High.swift; sourceTree = "<group>"; };
		E0128C3E20A75F21004E3871 /* PlaylistResponse.swift */ = {isa = PBXFileReference; fileEncoding = 4; lastKnownFileType = sourcecode.swift; path = PlaylistResponse.swift; sourceTree = "<group>"; };
		E0128C3F20A75F21004E3871 /* Standard.swift */ = {isa = PBXFileReference; fileEncoding = 4; lastKnownFileType = sourcecode.swift; path = Standard.swift; sourceTree = "<group>"; };
		E0128C4020A75F21004E3871 /* PageInfo.swift */ = {isa = PBXFileReference; fileEncoding = 4; lastKnownFileType = sourcecode.swift; path = PageInfo.swift; sourceTree = "<group>"; };
		E0128C4120A75F21004E3871 /* Thumbnails.swift */ = {isa = PBXFileReference; fileEncoding = 4; lastKnownFileType = sourcecode.swift; path = Thumbnails.swift; sourceTree = "<group>"; };
		E0128C4220A75F21004E3871 /* Medium.swift */ = {isa = PBXFileReference; fileEncoding = 4; lastKnownFileType = sourcecode.swift; path = Medium.swift; sourceTree = "<group>"; };
		E0243B592085810C0020AC6F /* LucidYouTubePlayer.app */ = {isa = PBXFileReference; explicitFileType = wrapper.application; includeInIndex = 0; path = LucidYouTubePlayer.app; sourceTree = BUILT_PRODUCTS_DIR; };
		E0243B5C2085810C0020AC6F /* AppDelegate.swift */ = {isa = PBXFileReference; lastKnownFileType = sourcecode.swift; path = AppDelegate.swift; sourceTree = "<group>"; };
		E0243B5E2085810C0020AC6F /* ViewController.swift */ = {isa = PBXFileReference; lastKnownFileType = sourcecode.swift; path = ViewController.swift; sourceTree = "<group>"; };
		E0243B612085810C0020AC6F /* Base */ = {isa = PBXFileReference; lastKnownFileType = file.storyboard; name = Base; path = Base.lproj/Main.storyboard; sourceTree = "<group>"; };
		E0243B632085810E0020AC6F /* Assets.xcassets */ = {isa = PBXFileReference; lastKnownFileType = folder.assetcatalog; path = Assets.xcassets; sourceTree = "<group>"; };
		E0243B662085810E0020AC6F /* Base */ = {isa = PBXFileReference; lastKnownFileType = file.storyboard; name = Base; path = Base.lproj/LaunchScreen.storyboard; sourceTree = "<group>"; };
		E0243B682085810E0020AC6F /* Info.plist */ = {isa = PBXFileReference; lastKnownFileType = text.plist.xml; path = Info.plist; sourceTree = "<group>"; };
		E0243B6D2085810E0020AC6F /* LucidYouTubePlayerTests.xctest */ = {isa = PBXFileReference; explicitFileType = wrapper.cfbundle; includeInIndex = 0; path = LucidYouTubePlayerTests.xctest; sourceTree = BUILT_PRODUCTS_DIR; };
		E0243B712085810E0020AC6F /* LucidPlaylistPlayerTests.swift */ = {isa = PBXFileReference; lastKnownFileType = sourcecode.swift; path = LucidPlaylistPlayerTests.swift; sourceTree = "<group>"; };
		E0243B732085810E0020AC6F /* Info.plist */ = {isa = PBXFileReference; lastKnownFileType = text.plist.xml; path = Info.plist; sourceTree = "<group>"; };
		E04F796F208584F100E31C0C /* GoogleService-Info.plist */ = {isa = PBXFileReference; fileEncoding = 4; lastKnownFileType = text.plist.xml; path = "GoogleService-Info.plist"; sourceTree = "<group>"; };
		ECEBD8C98D6F464AED061168 /* Pods-LucidYouTubePlayer.debug.xcconfig */ = {isa = PBXFileReference; includeInIndex = 1; lastKnownFileType = text.xcconfig; name = "Pods-LucidYouTubePlayer.debug.xcconfig"; path = "Pods/Target Support Files/Pods-LucidYouTubePlayer/Pods-LucidYouTubePlayer.debug.xcconfig"; sourceTree = "<group>"; };
/* End PBXFileReference section */

/* Begin PBXFrameworksBuildPhase section */
		E0243B562085810C0020AC6F /* Frameworks */ = {
			isa = PBXFrameworksBuildPhase;
			buildActionMask = 2147483647;
			files = (
				28596AA9B47789143167BEDE /* Pods_LucidYouTubePlayer.framework in Frameworks */,
			);
			runOnlyForDeploymentPostprocessing = 0;
		};
		E0243B6A2085810E0020AC6F /* Frameworks */ = {
			isa = PBXFrameworksBuildPhase;
			buildActionMask = 2147483647;
			files = (
				AAD9FF791A72AA2E7E1F14D1 /* Pods_LucidYouTubePlayerTests.framework in Frameworks */,
			);
			runOnlyForDeploymentPostprocessing = 0;
		};
/* End PBXFrameworksBuildPhase section */

/* Begin PBXGroup section */
		05CB8E45BD15FAB6BB0E2CCC /* Pods */ = {
			isa = PBXGroup;
			children = (
				ECEBD8C98D6F464AED061168 /* Pods-LucidYouTubePlayer.debug.xcconfig */,
				5893FC3134AA9B6489D1C2AE /* Pods-LucidYouTubePlayer.release.xcconfig */,
				4AEA2B6E54B767F7E672A45B /* Pods-LucidYouTubePlayerTests.debug.xcconfig */,
				B9DD243524F515E172AC570E /* Pods-LucidYouTubePlayerTests.release.xcconfig */,
			);
			name = Pods;
			sourceTree = "<group>";
		};
		2C693A8EADFCBF81E363ED52 /* Frameworks */ = {
			isa = PBXGroup;
			children = (
				338F7B35B76C22A9B512CDC7 /* Pods_LucidYouTubePlayer.framework */,
				1580D83EDAFB44A7778983A2 /* Pods_LucidYouTubePlayerTests.framework */,
			);
			name = Frameworks;
			sourceTree = "<group>";
		};
		E0128C3520A75E85004E3871 /* API */ = {
			isa = PBXGroup;
			children = (
				E0128C3720A75F21004E3871 /* Models */,
			);
			path = API;
			sourceTree = "<group>";
		};
		E0128C3720A75F21004E3871 /* Models */ = {
			isa = PBXGroup;
			children = (
				E0128C3820A75F21004E3871 /* ContentDetails.swift */,
				E0128C3920A75F21004E3871 /* ResourceId.swift */,
				E0128C3A20A75F21004E3871 /* Item.swift */,
				E0128C3B20A75F21004E3871 /* Snippet.swift */,
				E0128C3C20A75F21004E3871 /* Default.swift */,
				E0128C3D20A75F21004E3871 /* High.swift */,
				E0128C3E20A75F21004E3871 /* PlaylistResponse.swift */,
				E0128C3F20A75F21004E3871 /* Standard.swift */,
				E0128C4020A75F21004E3871 /* PageInfo.swift */,
				E0128C4120A75F21004E3871 /* Thumbnails.swift */,
				E0128C4220A75F21004E3871 /* Medium.swift */,
			);
			path = Models;
			sourceTree = "<group>";
		};
		E0243B502085810C0020AC6F = {
			isa = PBXGroup;
			children = (
				E0243B5B2085810C0020AC6F /* LucidYouTubePlayer */,
				E0243B702085810E0020AC6F /* LucidYouTubePlayerTests */,
				E0243B5A2085810C0020AC6F /* Products */,
				05CB8E45BD15FAB6BB0E2CCC /* Pods */,
				2C693A8EADFCBF81E363ED52 /* Frameworks */,
			);
			sourceTree = "<group>";
		};
		E0243B5A2085810C0020AC6F /* Products */ = {
			isa = PBXGroup;
			children = (
				E0243B592085810C0020AC6F /* LucidYouTubePlayer.app */,
				E0243B6D2085810E0020AC6F /* LucidYouTubePlayerTests.xctest */,
			);
			name = Products;
			sourceTree = "<group>";
		};
		E0243B5B2085810C0020AC6F /* LucidYouTubePlayer */ = {
			isa = PBXGroup;
			children = (
				E0128C3520A75E85004E3871 /* API */,
				E0243B5C2085810C0020AC6F /* AppDelegate.swift */,
				E0243B5E2085810C0020AC6F /* ViewController.swift */,
				E0243B602085810C0020AC6F /* Main.storyboard */,
				E0243B632085810E0020AC6F /* Assets.xcassets */,
				E0243B652085810E0020AC6F /* LaunchScreen.storyboard */,
				E0243B682085810E0020AC6F /* Info.plist */,
				E04F796F208584F100E31C0C /* GoogleService-Info.plist */,
				E0128C3320A75BB9004E3871 /* PlaylistRepository.swift */,
			);
			path = LucidYouTubePlayer;
			sourceTree = "<group>";
		};
		E0243B702085810E0020AC6F /* LucidYouTubePlayerTests */ = {
			isa = PBXGroup;
			children = (
				E0243B712085810E0020AC6F /* LucidPlaylistPlayerTests.swift */,
				E0243B732085810E0020AC6F /* Info.plist */,
			);
			path = LucidYouTubePlayerTests;
			sourceTree = "<group>";
		};
/* End PBXGroup section */

/* Begin PBXNativeTarget section */
		E0243B582085810C0020AC6F /* LucidYouTubePlayer */ = {
			isa = PBXNativeTarget;
			buildConfigurationList = E0243B762085810E0020AC6F /* Build configuration list for PBXNativeTarget "LucidYouTubePlayer" */;
			buildPhases = (
				07364FE04D6AD03349DF062E /* [CP] Check Pods Manifest.lock */,
				E0243B552085810C0020AC6F /* Sources */,
				E0243B562085810C0020AC6F /* Frameworks */,
				E0243B572085810C0020AC6F /* Resources */,
				5F8325372EB013B99B388F30 /* [CP] Embed Pods Frameworks */,
			);
			buildRules = (
			);
			dependencies = (
			);
			name = LucidYouTubePlayer;
			productName = LucidPlaylistPlayer;
			productReference = E0243B592085810C0020AC6F /* LucidYouTubePlayer.app */;
			productType = "com.apple.product-type.application";
		};
		E0243B6C2085810E0020AC6F /* LucidYouTubePlayerTests */ = {
			isa = PBXNativeTarget;
			buildConfigurationList = E0243B792085810E0020AC6F /* Build configuration list for PBXNativeTarget "LucidYouTubePlayerTests" */;
			buildPhases = (
				9870DF4EEC9BCBC5A4C39A3B /* [CP] Check Pods Manifest.lock */,
				E0243B692085810E0020AC6F /* Sources */,
				E0243B6A2085810E0020AC6F /* Frameworks */,
				E0243B6B2085810E0020AC6F /* Resources */,
			);
			buildRules = (
			);
			dependencies = (
				E0243B6F2085810E0020AC6F /* PBXTargetDependency */,
			);
			name = LucidYouTubePlayerTests;
			productName = LucidPlaylistPlayerTests;
			productReference = E0243B6D2085810E0020AC6F /* LucidYouTubePlayerTests.xctest */;
			productType = "com.apple.product-type.bundle.unit-test";
		};
/* End PBXNativeTarget section */

/* Begin PBXProject section */
		E0243B512085810C0020AC6F /* Project object */ = {
			isa = PBXProject;
			attributes = {
				LastSwiftUpdateCheck = 0930;
				LastUpgradeCheck = 0930;
				ORGANIZATIONNAME = "Lucid Infosystems";
				TargetAttributes = {
					E0243B582085810C0020AC6F = {
						CreatedOnToolsVersion = 9.3;
					};
					E0243B6C2085810E0020AC6F = {
						CreatedOnToolsVersion = 9.3;
						TestTargetID = E0243B582085810C0020AC6F;
					};
				};
			};
			buildConfigurationList = E0243B542085810C0020AC6F /* Build configuration list for PBXProject "LucidYouTubePlayer" */;
			compatibilityVersion = "Xcode 9.3";
			developmentRegion = en;
			hasScannedForEncodings = 0;
			knownRegions = (
				en,
				Base,
			);
			mainGroup = E0243B502085810C0020AC6F;
			productRefGroup = E0243B5A2085810C0020AC6F /* Products */;
			projectDirPath = "";
			projectRoot = "";
			targets = (
				E0243B582085810C0020AC6F /* LucidYouTubePlayer */,
				E0243B6C2085810E0020AC6F /* LucidYouTubePlayerTests */,
			);
		};
/* End PBXProject section */

/* Begin PBXResourcesBuildPhase section */
		E0243B572085810C0020AC6F /* Resources */ = {
			isa = PBXResourcesBuildPhase;
			buildActionMask = 2147483647;
			files = (
				E0243B672085810E0020AC6F /* LaunchScreen.storyboard in Resources */,
				E04F7970208584F100E31C0C /* GoogleService-Info.plist in Resources */,
				E0243B642085810E0020AC6F /* Assets.xcassets in Resources */,
				E0243B622085810C0020AC6F /* Main.storyboard in Resources */,
			);
			runOnlyForDeploymentPostprocessing = 0;
		};
		E0243B6B2085810E0020AC6F /* Resources */ = {
			isa = PBXResourcesBuildPhase;
			buildActionMask = 2147483647;
			files = (
				E04F7971208584F100E31C0C /* GoogleService-Info.plist in Resources */,
			);
			runOnlyForDeploymentPostprocessing = 0;
		};
/* End PBXResourcesBuildPhase section */

/* Begin PBXShellScriptBuildPhase section */
		07364FE04D6AD03349DF062E /* [CP] Check Pods Manifest.lock */ = {
			isa = PBXShellScriptBuildPhase;
			buildActionMask = 2147483647;
			files = (
			);
			inputPaths = (
				"${PODS_PODFILE_DIR_PATH}/Podfile.lock",
				"${PODS_ROOT}/Manifest.lock",
			);
			name = "[CP] Check Pods Manifest.lock";
			outputPaths = (
				"$(DERIVED_FILE_DIR)/Pods-LucidYouTubePlayer-checkManifestLockResult.txt",
			);
			runOnlyForDeploymentPostprocessing = 0;
			shellPath = /bin/sh;
			shellScript = "diff \"${PODS_PODFILE_DIR_PATH}/Podfile.lock\" \"${PODS_ROOT}/Manifest.lock\" > /dev/null\nif [ $? != 0 ] ; then\n    # print error to STDERR\n    echo \"error: The sandbox is not in sync with the Podfile.lock. Run 'pod install' or update your CocoaPods installation.\" >&2\n    exit 1\nfi\n# This output is used by Xcode 'outputs' to avoid re-running this script phase.\necho \"SUCCESS\" > \"${SCRIPT_OUTPUT_FILE_0}\"\n";
			showEnvVarsInLog = 0;
		};
		5F8325372EB013B99B388F30 /* [CP] Embed Pods Frameworks */ = {
			isa = PBXShellScriptBuildPhase;
			buildActionMask = 2147483647;
			files = (
			);
			inputPaths = (
				"${SRCROOT}/Pods/Target Support Files/Pods-LucidYouTubePlayer/Pods-LucidYouTubePlayer-frameworks.sh",
				"${BUILT_PRODUCTS_DIR}/Alamofire/Alamofire.framework",
				"${BUILT_PRODUCTS_DIR}/GoogleToolboxForMac/GoogleToolboxForMac.framework",
				"${BUILT_PRODUCTS_DIR}/TinyConstraints/TinyConstraints.framework",
				"${BUILT_PRODUCTS_DIR}/nanopb/nanopb.framework",
				"${BUILT_PRODUCTS_DIR}/youtube-ios-player-helper/youtube_ios_player_helper.framework",
			);
			name = "[CP] Embed Pods Frameworks";
			outputPaths = (
				"${TARGET_BUILD_DIR}/${FRAMEWORKS_FOLDER_PATH}/Alamofire.framework",
				"${TARGET_BUILD_DIR}/${FRAMEWORKS_FOLDER_PATH}/GoogleToolboxForMac.framework",
				"${TARGET_BUILD_DIR}/${FRAMEWORKS_FOLDER_PATH}/TinyConstraints.framework",
				"${TARGET_BUILD_DIR}/${FRAMEWORKS_FOLDER_PATH}/nanopb.framework",
				"${TARGET_BUILD_DIR}/${FRAMEWORKS_FOLDER_PATH}/youtube_ios_player_helper.framework",
			);
			runOnlyForDeploymentPostprocessing = 0;
			shellPath = /bin/sh;
			shellScript = "\"${SRCROOT}/Pods/Target Support Files/Pods-LucidYouTubePlayer/Pods-LucidYouTubePlayer-frameworks.sh\"\n";
			showEnvVarsInLog = 0;
		};
		9870DF4EEC9BCBC5A4C39A3B /* [CP] Check Pods Manifest.lock */ = {
			isa = PBXShellScriptBuildPhase;
			buildActionMask = 2147483647;
			files = (
			);
			inputPaths = (
				"${PODS_PODFILE_DIR_PATH}/Podfile.lock",
				"${PODS_ROOT}/Manifest.lock",
			);
			name = "[CP] Check Pods Manifest.lock";
			outputPaths = (
				"$(DERIVED_FILE_DIR)/Pods-LucidYouTubePlayerTests-checkManifestLockResult.txt",
			);
			runOnlyForDeploymentPostprocessing = 0;
			shellPath = /bin/sh;
			shellScript = "diff \"${PODS_PODFILE_DIR_PATH}/Podfile.lock\" \"${PODS_ROOT}/Manifest.lock\" > /dev/null\nif [ $? != 0 ] ; then\n    # print error to STDERR\n    echo \"error: The sandbox is not in sync with the Podfile.lock. Run 'pod install' or update your CocoaPods installation.\" >&2\n    exit 1\nfi\n# This output is used by Xcode 'outputs' to avoid re-running this script phase.\necho \"SUCCESS\" > \"${SCRIPT_OUTPUT_FILE_0}\"\n";
			showEnvVarsInLog = 0;
		};
/* End PBXShellScriptBuildPhase section */

/* Begin PBXSourcesBuildPhase section */
		E0243B552085810C0020AC6F /* Sources */ = {
			isa = PBXSourcesBuildPhase;
			buildActionMask = 2147483647;
			files = (
				E0128C4320A75F21004E3871 /* ContentDetails.swift in Sources */,
				E0128C4620A75F21004E3871 /* Snippet.swift in Sources */,
				E0128C4B20A75F21004E3871 /* PageInfo.swift in Sources */,
				E0128C4420A75F21004E3871 /* ResourceId.swift in Sources */,
				E0128C4D20A75F21004E3871 /* Medium.swift in Sources */,
				E0128C4920A75F21004E3871 /* PlaylistResponse.swift in Sources */,
				E0243B5F2085810C0020AC6F /* ViewController.swift in Sources */,
				E0128C3420A75BB9004E3871 /* PlaylistRepository.swift in Sources */,
				E0128C4720A75F21004E3871 /* Default.swift in Sources */,
				E0128C4820A75F21004E3871 /* High.swift in Sources */,
				E0128C4A20A75F21004E3871 /* Standard.swift in Sources */,
				E0128C4520A75F21004E3871 /* Item.swift in Sources */,
				E0243B5D2085810C0020AC6F /* AppDelegate.swift in Sources */,
				E0128C4C20A75F21004E3871 /* Thumbnails.swift in Sources */,
			);
			runOnlyForDeploymentPostprocessing = 0;
		};
		E0243B692085810E0020AC6F /* Sources */ = {
			isa = PBXSourcesBuildPhase;
			buildActionMask = 2147483647;
			files = (
				E0243B722085810E0020AC6F /* LucidPlaylistPlayerTests.swift in Sources */,
			);
			runOnlyForDeploymentPostprocessing = 0;
		};
/* End PBXSourcesBuildPhase section */

/* Begin PBXTargetDependency section */
		E0243B6F2085810E0020AC6F /* PBXTargetDependency */ = {
			isa = PBXTargetDependency;
			target = E0243B582085810C0020AC6F /* LucidYouTubePlayer */;
			targetProxy = E0243B6E2085810E0020AC6F /* PBXContainerItemProxy */;
		};
/* End PBXTargetDependency section */

/* Begin PBXVariantGroup section */
		E0243B602085810C0020AC6F /* Main.storyboard */ = {
			isa = PBXVariantGroup;
			children = (
				E0243B612085810C0020AC6F /* Base */,
			);
			name = Main.storyboard;
			sourceTree = "<group>";
		};
		E0243B652085810E0020AC6F /* LaunchScreen.storyboard */ = {
			isa = PBXVariantGroup;
			children = (
				E0243B662085810E0020AC6F /* Base */,
			);
			name = LaunchScreen.storyboard;
			sourceTree = "<group>";
		};
/* End PBXVariantGroup section */

/* Begin XCBuildConfiguration section */
		E0243B742085810E0020AC6F /* Debug */ = {
			isa = XCBuildConfiguration;
			buildSettings = {
				ALWAYS_SEARCH_USER_PATHS = NO;
				CLANG_ANALYZER_NONNULL = YES;
				CLANG_ANALYZER_NUMBER_OBJECT_CONVERSION = YES_AGGRESSIVE;
				CLANG_CXX_LANGUAGE_STANDARD = "gnu++14";
				CLANG_CXX_LIBRARY = "libc++";
				CLANG_ENABLE_MODULES = YES;
				CLANG_ENABLE_OBJC_ARC = YES;
				CLANG_ENABLE_OBJC_WEAK = YES;
				CLANG_WARN_BLOCK_CAPTURE_AUTORELEASING = YES;
				CLANG_WARN_BOOL_CONVERSION = YES;
				CLANG_WARN_COMMA = YES;
				CLANG_WARN_CONSTANT_CONVERSION = YES;
				CLANG_WARN_DEPRECATED_OBJC_IMPLEMENTATIONS = YES;
				CLANG_WARN_DIRECT_OBJC_ISA_USAGE = YES_ERROR;
				CLANG_WARN_DOCUMENTATION_COMMENTS = YES;
				CLANG_WARN_EMPTY_BODY = YES;
				CLANG_WARN_ENUM_CONVERSION = YES;
				CLANG_WARN_INFINITE_RECURSION = YES;
				CLANG_WARN_INT_CONVERSION = YES;
				CLANG_WARN_NON_LITERAL_NULL_CONVERSION = YES;
				CLANG_WARN_OBJC_IMPLICIT_RETAIN_SELF = YES;
				CLANG_WARN_OBJC_LITERAL_CONVERSION = YES;
				CLANG_WARN_OBJC_ROOT_CLASS = YES_ERROR;
				CLANG_WARN_RANGE_LOOP_ANALYSIS = YES;
				CLANG_WARN_STRICT_PROTOTYPES = YES;
				CLANG_WARN_SUSPICIOUS_MOVE = YES;
				CLANG_WARN_UNGUARDED_AVAILABILITY = YES_AGGRESSIVE;
				CLANG_WARN_UNREACHABLE_CODE = YES;
				CLANG_WARN__DUPLICATE_METHOD_MATCH = YES;
				CODE_SIGN_IDENTITY = "iPhone Developer";
				COPY_PHASE_STRIP = NO;
				DEBUG_INFORMATION_FORMAT = dwarf;
				ENABLE_STRICT_OBJC_MSGSEND = YES;
				ENABLE_TESTABILITY = YES;
				GCC_C_LANGUAGE_STANDARD = gnu11;
				GCC_DYNAMIC_NO_PIC = NO;
				GCC_NO_COMMON_BLOCKS = YES;
				GCC_OPTIMIZATION_LEVEL = 0;
				GCC_PREPROCESSOR_DEFINITIONS = (
					"DEBUG=1",
					"$(inherited)",
				);
				GCC_WARN_64_TO_32_BIT_CONVERSION = YES;
				GCC_WARN_ABOUT_RETURN_TYPE = YES_ERROR;
				GCC_WARN_UNDECLARED_SELECTOR = YES;
				GCC_WARN_UNINITIALIZED_AUTOS = YES_AGGRESSIVE;
				GCC_WARN_UNUSED_FUNCTION = YES;
				GCC_WARN_UNUSED_VARIABLE = YES;
				IPHONEOS_DEPLOYMENT_TARGET = 11.3;
				MTL_ENABLE_DEBUG_INFO = YES;
				ONLY_ACTIVE_ARCH = YES;
				SDKROOT = iphoneos;
				SWIFT_ACTIVE_COMPILATION_CONDITIONS = DEBUG;
				SWIFT_OPTIMIZATION_LEVEL = "-Onone";
			};
			name = Debug;
		};
		E0243B752085810E0020AC6F /* Release */ = {
			isa = XCBuildConfiguration;
			buildSettings = {
				ALWAYS_SEARCH_USER_PATHS = NO;
				CLANG_ANALYZER_NONNULL = YES;
				CLANG_ANALYZER_NUMBER_OBJECT_CONVERSION = YES_AGGRESSIVE;
				CLANG_CXX_LANGUAGE_STANDARD = "gnu++14";
				CLANG_CXX_LIBRARY = "libc++";
				CLANG_ENABLE_MODULES = YES;
				CLANG_ENABLE_OBJC_ARC = YES;
				CLANG_ENABLE_OBJC_WEAK = YES;
				CLANG_WARN_BLOCK_CAPTURE_AUTORELEASING = YES;
				CLANG_WARN_BOOL_CONVERSION = YES;
				CLANG_WARN_COMMA = YES;
				CLANG_WARN_CONSTANT_CONVERSION = YES;
				CLANG_WARN_DEPRECATED_OBJC_IMPLEMENTATIONS = YES;
				CLANG_WARN_DIRECT_OBJC_ISA_USAGE = YES_ERROR;
				CLANG_WARN_DOCUMENTATION_COMMENTS = YES;
				CLANG_WARN_EMPTY_BODY = YES;
				CLANG_WARN_ENUM_CONVERSION = YES;
				CLANG_WARN_INFINITE_RECURSION = YES;
				CLANG_WARN_INT_CONVERSION = YES;
				CLANG_WARN_NON_LITERAL_NULL_CONVERSION = YES;
				CLANG_WARN_OBJC_IMPLICIT_RETAIN_SELF = YES;
				CLANG_WARN_OBJC_LITERAL_CONVERSION = YES;
				CLANG_WARN_OBJC_ROOT_CLASS = YES_ERROR;
				CLANG_WARN_RANGE_LOOP_ANALYSIS = YES;
				CLANG_WARN_STRICT_PROTOTYPES = YES;
				CLANG_WARN_SUSPICIOUS_MOVE = YES;
				CLANG_WARN_UNGUARDED_AVAILABILITY = YES_AGGRESSIVE;
				CLANG_WARN_UNREACHABLE_CODE = YES;
				CLANG_WARN__DUPLICATE_METHOD_MATCH = YES;
				CODE_SIGN_IDENTITY = "iPhone Developer";
				COPY_PHASE_STRIP = NO;
				DEBUG_INFORMATION_FORMAT = "dwarf-with-dsym";
				ENABLE_NS_ASSERTIONS = NO;
				ENABLE_STRICT_OBJC_MSGSEND = YES;
				GCC_C_LANGUAGE_STANDARD = gnu11;
				GCC_NO_COMMON_BLOCKS = YES;
				GCC_WARN_64_TO_32_BIT_CONVERSION = YES;
				GCC_WARN_ABOUT_RETURN_TYPE = YES_ERROR;
				GCC_WARN_UNDECLARED_SELECTOR = YES;
				GCC_WARN_UNINITIALIZED_AUTOS = YES_AGGRESSIVE;
				GCC_WARN_UNUSED_FUNCTION = YES;
				GCC_WARN_UNUSED_VARIABLE = YES;
				IPHONEOS_DEPLOYMENT_TARGET = 11.3;
				MTL_ENABLE_DEBUG_INFO = NO;
				SDKROOT = iphoneos;
				SWIFT_COMPILATION_MODE = wholemodule;
				SWIFT_OPTIMIZATION_LEVEL = "-O";
				VALIDATE_PRODUCT = YES;
			};
			name = Release;
		};
		E0243B772085810E0020AC6F /* Debug */ = {
			isa = XCBuildConfiguration;
			baseConfigurationReference = ECEBD8C98D6F464AED061168 /* Pods-LucidYouTubePlayer.debug.xcconfig */;
			buildSettings = {
				ASSETCATALOG_COMPILER_APPICON_NAME = AppIcon;
				CODE_SIGN_STYLE = Automatic;
				DEVELOPMENT_TEAM = 6T6FYUH29G;
				FRAMEWORK_SEARCH_PATHS = "$(inherited)";
				HEADER_SEARCH_PATHS = "$(inherited)";
				INFOPLIST_FILE = LucidYouTubePlayer/Info.plist;
				LD_RUNPATH_SEARCH_PATHS = (
					"$(inherited)",
					"@executable_path/Frameworks",
				);
				PRODUCT_BUNDLE_IDENTIFIER = com.example.lucid;
				PRODUCT_NAME = "$(TARGET_NAME)";
				SWIFT_VERSION = 4.0;
				TARGETED_DEVICE_FAMILY = "1,2";
			};
			name = Debug;
		};
		E0243B782085810E0020AC6F /* Release */ = {
			isa = XCBuildConfiguration;
			baseConfigurationReference = 5893FC3134AA9B6489D1C2AE /* Pods-LucidYouTubePlayer.release.xcconfig */;
			buildSettings = {
				ASSETCATALOG_COMPILER_APPICON_NAME = AppIcon;
				CODE_SIGN_STYLE = Automatic;
				DEVELOPMENT_TEAM = 6T6FYUH29G;
				FRAMEWORK_SEARCH_PATHS = "$(inherited)";
				HEADER_SEARCH_PATHS = "$(inherited)";
				INFOPLIST_FILE = LucidYouTubePlayer/Info.plist;
				LD_RUNPATH_SEARCH_PATHS = (
					"$(inherited)",
					"@executable_path/Frameworks",
				);
				PRODUCT_BUNDLE_IDENTIFIER = com.example.lucid;
				PRODUCT_NAME = "$(TARGET_NAME)";
				SWIFT_VERSION = 4.0;
				TARGETED_DEVICE_FAMILY = "1,2";
			};
			name = Release;
		};
		E0243B7A2085810E0020AC6F /* Debug */ = {
			isa = XCBuildConfiguration;
			baseConfigurationReference = 4AEA2B6E54B767F7E672A45B /* Pods-LucidYouTubePlayerTests.debug.xcconfig */;
			buildSettings = {
				ALWAYS_EMBED_SWIFT_STANDARD_LIBRARIES = YES;
				BUNDLE_LOADER = "$(TEST_HOST)";
				CODE_SIGN_STYLE = Automatic;
				DEVELOPMENT_TEAM = 6T6FYUH29G;
				INFOPLIST_FILE = LucidYouTubePlayerTests/Info.plist;
				LD_RUNPATH_SEARCH_PATHS = (
					"$(inherited)",
					"@executable_path/Frameworks",
					"@loader_path/Frameworks",
				);
				PRODUCT_BUNDLE_IDENTIFIER = com.lucid.LucidYouTubePlayerTests;
				PRODUCT_NAME = "$(TARGET_NAME)";
				SWIFT_VERSION = 4.0;
				TARGETED_DEVICE_FAMILY = "1,2";
				TEST_HOST = "$(BUILT_PRODUCTS_DIR)/LucidYouTubePlayer.app/LucidYouTubePlayer";
			};
			name = Debug;
		};
		E0243B7B2085810E0020AC6F /* Release */ = {
			isa = XCBuildConfiguration;
			baseConfigurationReference = B9DD243524F515E172AC570E /* Pods-LucidYouTubePlayerTests.release.xcconfig */;
			buildSettings = {
				ALWAYS_EMBED_SWIFT_STANDARD_LIBRARIES = YES;
				BUNDLE_LOADER = "$(TEST_HOST)";
				CODE_SIGN_STYLE = Automatic;
				DEVELOPMENT_TEAM = 6T6FYUH29G;
				INFOPLIST_FILE = LucidYouTubePlayerTests/Info.plist;
				LD_RUNPATH_SEARCH_PATHS = (
					"$(inherited)",
					"@executable_path/Frameworks",
					"@loader_path/Frameworks",
				);
				PRODUCT_BUNDLE_IDENTIFIER = com.lucid.LucidYouTubePlayerTests;
				PRODUCT_NAME = "$(TARGET_NAME)";
				SWIFT_VERSION = 4.0;
				TARGETED_DEVICE_FAMILY = "1,2";
				TEST_HOST = "$(BUILT_PRODUCTS_DIR)/LucidYouTubePlayer.app/LucidYouTubePlayer";
			};
			name = Release;
		};
/* End XCBuildConfiguration section */

/* Begin XCConfigurationList section */
		E0243B542085810C0020AC6F /* Build configuration list for PBXProject "LucidYouTubePlayer" */ = {
			isa = XCConfigurationList;
			buildConfigurations = (
				E0243B742085810E0020AC6F /* Debug */,
				E0243B752085810E0020AC6F /* Release */,
			);
			defaultConfigurationIsVisible = 0;
			defaultConfigurationName = Release;
		};
		E0243B762085810E0020AC6F /* Build configuration list for PBXNativeTarget "LucidYouTubePlayer" */ = {
			isa = XCConfigurationList;
			buildConfigurations = (
				E0243B772085810E0020AC6F /* Debug */,
				E0243B782085810E0020AC6F /* Release */,
			);
			defaultConfigurationIsVisible = 0;
			defaultConfigurationName = Release;
		};
		E0243B792085810E0020AC6F /* Build configuration list for PBXNativeTarget "LucidYouTubePlayerTests" */ = {
			isa = XCConfigurationList;
			buildConfigurations = (
				E0243B7A2085810E0020AC6F /* Debug */,
				E0243B7B2085810E0020AC6F /* Release */,
			);
			defaultConfigurationIsVisible = 0;
			defaultConfigurationName = Release;
		};
/* End XCConfigurationList section */
	};
	rootObject = E0243B512085810C0020AC6F /* Project object */;
}
